// !$*UTF8*$!
{
	archiveVersion = 1;
	classes = {
	};
	objectVersion = 56;
	objects = {

/* Begin PBXBuildFile section */
		A5115EE72CDBDA7C00C0E3E5 /* TipsViewCollectionCell.swift in Sources */ = {isa = PBXBuildFile; fileRef = A5115EE62CDBDA7C00C0E3E5 /* TipsViewCollectionCell.swift */; };
		A545EBF02C613061006BC982 /* AppDelegate.swift in Sources */ = {isa = PBXBuildFile; fileRef = A545EBEF2C613061006BC982 /* AppDelegate.swift */; };
		A545EBF22C613061006BC982 /* SceneDelegate.swift in Sources */ = {isa = PBXBuildFile; fileRef = A545EBF12C613061006BC982 /* SceneDelegate.swift */; };
		A545EBF42C613061006BC982 /* TipsCalculationVC.swift in Sources */ = {isa = PBXBuildFile; fileRef = A545EBF32C613061006BC982 /* TipsCalculationVC.swift */; };
		A545EBF92C613062006BC982 /* Assets.xcassets in Resources */ = {isa = PBXBuildFile; fileRef = A545EBF82C613062006BC982 /* Assets.xcassets */; };
		A545EBFC2C613062006BC982 /* Base in Resources */ = {isa = PBXBuildFile; fileRef = A545EBFB2C613062006BC982 /* Base */; };
		A545EC082C613295006BC982 /* HeadView.swift in Sources */ = {isa = PBXBuildFile; fileRef = A545EC072C613295006BC982 /* HeadView.swift */; };
		A545EC0A2C6132CF006BC982 /* TotalBillView.swift in Sources */ = {isa = PBXBuildFile; fileRef = A545EC092C6132CF006BC982 /* TotalBillView.swift */; };
		A545EC0C2C6132E4006BC982 /* TipsViewWithAction.swift in Sources */ = {isa = PBXBuildFile; fileRef = A545EC0B2C6132E4006BC982 /* TipsViewWithAction.swift */; };
		A545EC0E2C613322006BC982 /* PersonsView.swift in Sources */ = {isa = PBXBuildFile; fileRef = A545EC0D2C613322006BC982 /* PersonsView.swift */; };
		A55555132D2DD78600F591AC /* CountryListVC.swift in Sources */ = {isa = PBXBuildFile; fileRef = A55555122D2DD78600F591AC /* CountryListVC.swift */; };
		A55555162D2EE17500F591AC /* TipsData.json in Resources */ = {isa = PBXBuildFile; fileRef = A55555152D2EE17500F591AC /* TipsData.json */; };
		A55555182D30312C00F591AC /* TipsInfoModel.swift in Sources */ = {isa = PBXBuildFile; fileRef = A55555172D30312C00F591AC /* TipsInfoModel.swift */; };
		A555551A2D303DA100F591AC /* CountryTableViewCell.swift in Sources */ = {isa = PBXBuildFile; fileRef = A55555192D303DA100F591AC /* CountryTableViewCell.swift */; };
		A555551C2D30658800F591AC /* TipsInfoVC.swift in Sources */ = {isa = PBXBuildFile; fileRef = A555551B2D30658800F591AC /* TipsInfoVC.swift */; };
		A555551E2D314DBF00F591AC /* TipsInfoView.swift in Sources */ = {isa = PBXBuildFile; fileRef = A555551D2D314DBF00F591AC /* TipsInfoView.swift */; };
		A55555212D314F1100F591AC /* TCLabel.swift in Sources */ = {isa = PBXBuildFile; fileRef = A55555202D314F1100F591AC /* TCLabel.swift */; };
		A55555252D31599400F591AC /* TCButton.swift in Sources */ = {isa = PBXBuildFile; fileRef = A55555242D31599400F591AC /* TCButton.swift */; };
		A55555362D35372000F591AC /* RobotoDynamicType.swift in Sources */ = {isa = PBXBuildFile; fileRef = A55555352D35372000F591AC /* RobotoDynamicType.swift */; };
		A55555382D353BE200F591AC /* Roboto-Black.ttf in Resources */ = {isa = PBXBuildFile; fileRef = A55555372D353BE200F591AC /* Roboto-Black.ttf */; };
		A555553B2D353C0E00F591AC /* Roboto-Bold.ttf in Resources */ = {isa = PBXBuildFile; fileRef = A55555392D353C0D00F591AC /* Roboto-Bold.ttf */; };
		A555553C2D353C0E00F591AC /* Roboto-Light.ttf in Resources */ = {isa = PBXBuildFile; fileRef = A555553A2D353C0D00F591AC /* Roboto-Light.ttf */; };
		A55555402D353C2800F591AC /* Roboto-Medium.ttf in Resources */ = {isa = PBXBuildFile; fileRef = A555553D2D353C2800F591AC /* Roboto-Medium.ttf */; };
		A55555412D353C2800F591AC /* Roboto-Thin.ttf in Resources */ = {isa = PBXBuildFile; fileRef = A555553E2D353C2800F591AC /* Roboto-Thin.ttf */; };
		A55555422D353C2800F591AC /* Roboto-Regular.ttf in Resources */ = {isa = PBXBuildFile; fileRef = A555553F2D353C2800F591AC /* Roboto-Regular.ttf */; };
		A55555462D36B75700F591AC /* TCAlertView.swift in Sources */ = {isa = PBXBuildFile; fileRef = A55555452D36B75700F591AC /* TCAlertView.swift */; };
		A55555482D36D70C00F591AC /* TCAlertVC.swift in Sources */ = {isa = PBXBuildFile; fileRef = A55555472D36D70C00F591AC /* TCAlertVC.swift */; };
		A555554B2D38188D00F591AC /* TCImageView.swift in Sources */ = {isa = PBXBuildFile; fileRef = A555554A2D38188D00F591AC /* TCImageView.swift */; };
		A5E391942C7E05D400DEAC7D /* TipsCalculation.swift in Sources */ = {isa = PBXBuildFile; fileRef = A5E391932C7E05D400DEAC7D /* TipsCalculation.swift */; };
/* End PBXBuildFile section */

/* Begin PBXFileReference section */
		A5115EE62CDBDA7C00C0E3E5 /* TipsViewCollectionCell.swift */ = {isa = PBXFileReference; lastKnownFileType = sourcecode.swift; path = TipsViewCollectionCell.swift; sourceTree = "<group>"; };
		A545EBEC2C613061006BC982 /* TipsCalculator.app */ = {isa = PBXFileReference; explicitFileType = wrapper.application; includeInIndex = 0; path = TipsCalculator.app; sourceTree = BUILT_PRODUCTS_DIR; };
		A545EBEF2C613061006BC982 /* AppDelegate.swift */ = {isa = PBXFileReference; lastKnownFileType = sourcecode.swift; path = AppDelegate.swift; sourceTree = "<group>"; };
		A545EBF12C613061006BC982 /* SceneDelegate.swift */ = {isa = PBXFileReference; lastKnownFileType = sourcecode.swift; path = SceneDelegate.swift; sourceTree = "<group>"; };
		A545EBF32C613061006BC982 /* TipsCalculationVC.swift */ = {isa = PBXFileReference; lastKnownFileType = sourcecode.swift; path = TipsCalculationVC.swift; sourceTree = "<group>"; };
		A545EBF82C613062006BC982 /* Assets.xcassets */ = {isa = PBXFileReference; lastKnownFileType = folder.assetcatalog; path = Assets.xcassets; sourceTree = "<group>"; };
		A545EBFB2C613062006BC982 /* Base */ = {isa = PBXFileReference; lastKnownFileType = file.storyboard; name = Base; path = Base.lproj/LaunchScreen.storyboard; sourceTree = "<group>"; };
		A545EBFD2C613063006BC982 /* Info.plist */ = {isa = PBXFileReference; lastKnownFileType = text.plist.xml; path = Info.plist; sourceTree = "<group>"; };
		A545EC072C613295006BC982 /* HeadView.swift */ = {isa = PBXFileReference; lastKnownFileType = sourcecode.swift; path = HeadView.swift; sourceTree = "<group>"; };
		A545EC092C6132CF006BC982 /* TotalBillView.swift */ = {isa = PBXFileReference; lastKnownFileType = sourcecode.swift; path = TotalBillView.swift; sourceTree = "<group>"; };
		A545EC0B2C6132E4006BC982 /* TipsViewWithAction.swift */ = {isa = PBXFileReference; lastKnownFileType = sourcecode.swift; path = TipsViewWithAction.swift; sourceTree = "<group>"; };
		A545EC0D2C613322006BC982 /* PersonsView.swift */ = {isa = PBXFileReference; lastKnownFileType = sourcecode.swift; path = PersonsView.swift; sourceTree = "<group>"; };
		A55555122D2DD78600F591AC /* CountryListVC.swift */ = {isa = PBXFileReference; lastKnownFileType = sourcecode.swift; path = CountryListVC.swift; sourceTree = "<group>"; };
		A55555152D2EE17500F591AC /* TipsData.json */ = {isa = PBXFileReference; lastKnownFileType = text.json; path = TipsData.json; sourceTree = "<group>"; };
		A55555172D30312C00F591AC /* TipsInfoModel.swift */ = {isa = PBXFileReference; lastKnownFileType = sourcecode.swift; path = TipsInfoModel.swift; sourceTree = "<group>"; };
		A55555192D303DA100F591AC /* CountryTableViewCell.swift */ = {isa = PBXFileReference; lastKnownFileType = sourcecode.swift; path = CountryTableViewCell.swift; sourceTree = "<group>"; };
		A555551B2D30658800F591AC /* TipsInfoVC.swift */ = {isa = PBXFileReference; lastKnownFileType = sourcecode.swift; path = TipsInfoVC.swift; sourceTree = "<group>"; };
		A555551D2D314DBF00F591AC /* TipsInfoView.swift */ = {isa = PBXFileReference; lastKnownFileType = sourcecode.swift; path = TipsInfoView.swift; sourceTree = "<group>"; };
		A55555202D314F1100F591AC /* TCLabel.swift */ = {isa = PBXFileReference; lastKnownFileType = sourcecode.swift; path = TCLabel.swift; sourceTree = "<group>"; };
		A55555242D31599400F591AC /* TCButton.swift */ = {isa = PBXFileReference; lastKnownFileType = sourcecode.swift; path = TCButton.swift; sourceTree = "<group>"; };
		A55555352D35372000F591AC /* RobotoDynamicType.swift */ = {isa = PBXFileReference; lastKnownFileType = sourcecode.swift; path = RobotoDynamicType.swift; sourceTree = "<group>"; };
		A55555372D353BE200F591AC /* Roboto-Black.ttf */ = {isa = PBXFileReference; lastKnownFileType = file; name = "Roboto-Black.ttf"; path = "../../../../../../../Downloads/Roboto/Roboto-Black.ttf"; sourceTree = "<group>"; };
		A55555392D353C0D00F591AC /* Roboto-Bold.ttf */ = {isa = PBXFileReference; lastKnownFileType = file; path = "Roboto-Bold.ttf"; sourceTree = "<group>"; };
		A555553A2D353C0D00F591AC /* Roboto-Light.ttf */ = {isa = PBXFileReference; lastKnownFileType = file; path = "Roboto-Light.ttf"; sourceTree = "<group>"; };
		A555553D2D353C2800F591AC /* Roboto-Medium.ttf */ = {isa = PBXFileReference; lastKnownFileType = file; name = "Roboto-Medium.ttf"; path = "../../../../../../../Downloads/Roboto/Roboto-Medium.ttf"; sourceTree = "<group>"; };
		A555553E2D353C2800F591AC /* Roboto-Thin.ttf */ = {isa = PBXFileReference; lastKnownFileType = file; name = "Roboto-Thin.ttf"; path = "../../../../../../../Downloads/Roboto/Roboto-Thin.ttf"; sourceTree = "<group>"; };
		A555553F2D353C2800F591AC /* Roboto-Regular.ttf */ = {isa = PBXFileReference; lastKnownFileType = file; name = "Roboto-Regular.ttf"; path = "../../../../../../../Downloads/Roboto/Roboto-Regular.ttf"; sourceTree = "<group>"; };
		A55555452D36B75700F591AC /* TCAlertView.swift */ = {isa = PBXFileReference; lastKnownFileType = sourcecode.swift; path = TCAlertView.swift; sourceTree = "<group>"; };
		A55555472D36D70C00F591AC /* TCAlertVC.swift */ = {isa = PBXFileReference; lastKnownFileType = sourcecode.swift; path = TCAlertVC.swift; sourceTree = "<group>"; };
		A555554A2D38188D00F591AC /* TCImageView.swift */ = {isa = PBXFileReference; lastKnownFileType = sourcecode.swift; path = TCImageView.swift; sourceTree = "<group>"; };
		A5E391932C7E05D400DEAC7D /* TipsCalculation.swift */ = {isa = PBXFileReference; lastKnownFileType = sourcecode.swift; path = TipsCalculation.swift; sourceTree = "<group>"; };
/* End PBXFileReference section */

/* Begin PBXFrameworksBuildPhase section */
		A545EBE92C613061006BC982 /* Frameworks */ = {
			isa = PBXFrameworksBuildPhase;
			buildActionMask = 2147483647;
			files = (
			);
			runOnlyForDeploymentPostprocessing = 0;
		};
/* End PBXFrameworksBuildPhase section */

/* Begin PBXGroup section */
		A545EBE32C613061006BC982 = {
			isa = PBXGroup;
			children = (
				A545EBEE2C613061006BC982 /* TipsCalculator */,
				A545EBED2C613061006BC982 /* Products */,
			);
			sourceTree = "<group>";
		};
		A545EBED2C613061006BC982 /* Products */ = {
			isa = PBXGroup;
			children = (
				A545EBEC2C613061006BC982 /* TipsCalculator.app */,
			);
			name = Products;
			sourceTree = "<group>";
		};
		A545EBEE2C613061006BC982 /* TipsCalculator */ = {
			isa = PBXGroup;
			children = (
				A555551F2D314EEE00F591AC /* CustomUIElements */,
				A55555142D2EE07900F591AC /* Data */,
				A5E391922C7E059200DEAC7D /* Model */,
				A545EC062C61325C006BC982 /* Controllers */,
				A545EC052C61322C006BC982 /* Application */,
				A545EC042C613224006BC982 /* Cells */,
				A545EC032C61321C006BC982 /* Views */,
				A55555262D3533CD00F591AC /* Assets */,
				A545EBFA2C613062006BC982 /* LaunchScreen.storyboard */,
				A545EBFD2C613063006BC982 /* Info.plist */,
			);
			path = TipsCalculator;
			sourceTree = "<group>";
		};
		A545EC032C61321C006BC982 /* Views */ = {
			isa = PBXGroup;
			children = (
				A55555432D36B6F800F591AC /* TipsCalculationVC */,
				A55555492D36E2ED00F591AC /* TCAlertVC */,
				A55555442D36B71100F591AC /* TipsInfoVC */,
			);
			path = Views;
			sourceTree = "<group>";
		};
		A545EC042C613224006BC982 /* Cells */ = {
			isa = PBXGroup;
			children = (
				A5115EE62CDBDA7C00C0E3E5 /* TipsViewCollectionCell.swift */,
				A55555192D303DA100F591AC /* CountryTableViewCell.swift */,
			);
			path = Cells;
			sourceTree = "<group>";
		};
		A545EC052C61322C006BC982 /* Application */ = {
			isa = PBXGroup;
			children = (
				A545EBEF2C613061006BC982 /* AppDelegate.swift */,
				A545EBF12C613061006BC982 /* SceneDelegate.swift */,
			);
			path = Application;
			sourceTree = "<group>";
		};
		A545EC062C61325C006BC982 /* Controllers */ = {
			isa = PBXGroup;
			children = (
				A545EBF32C613061006BC982 /* TipsCalculationVC.swift */,
				A55555122D2DD78600F591AC /* CountryListVC.swift */,
				A55555472D36D70C00F591AC /* TCAlertVC.swift */,
				A555551B2D30658800F591AC /* TipsInfoVC.swift */,
			);
			path = Controllers;
			sourceTree = "<group>";
		};
		A55555142D2EE07900F591AC /* Data */ = {
			isa = PBXGroup;
			children = (
				A55555152D2EE17500F591AC /* TipsData.json */,
			);
			path = Data;
			sourceTree = "<group>";
		};
		A555551F2D314EEE00F591AC /* CustomUIElements */ = {
			isa = PBXGroup;
			children = (
				A55555202D314F1100F591AC /* TCLabel.swift */,
				A55555242D31599400F591AC /* TCButton.swift */,
				A555554A2D38188D00F591AC /* TCImageView.swift */,
			);
			path = CustomUIElements;
			sourceTree = "<group>";
		};
		A55555262D3533CD00F591AC /* Assets */ = {
			isa = PBXGroup;
			children = (
				A55555272D3533DE00F591AC /* Fonts */,
				A545EBF82C613062006BC982 /* Assets.xcassets */,
			);
			path = Assets;
			sourceTree = "<group>";
		};
		A55555272D3533DE00F591AC /* Fonts */ = {
			isa = PBXGroup;
			children = (
				A55555282D3533E500F591AC /* Roboto */,
			);
			path = Fonts;
			sourceTree = "<group>";
		};
		A55555282D3533E500F591AC /* Roboto */ = {
			isa = PBXGroup;
			children = (
				A55555392D353C0D00F591AC /* Roboto-Bold.ttf */,
				A555553A2D353C0D00F591AC /* Roboto-Light.ttf */,
				A55555372D353BE200F591AC /* Roboto-Black.ttf */,
				A555553F2D353C2800F591AC /* Roboto-Regular.ttf */,
				A555553D2D353C2800F591AC /* Roboto-Medium.ttf */,
				A555553E2D353C2800F591AC /* Roboto-Thin.ttf */,
				A55555352D35372000F591AC /* RobotoDynamicType.swift */,
			);
			path = Roboto;
			sourceTree = "<group>";
		};
		A55555432D36B6F800F591AC /* TipsCalculationVC */ = {
			isa = PBXGroup;
			children = (
				A545EC072C613295006BC982 /* HeadView.swift */,
				A545EC092C6132CF006BC982 /* TotalBillView.swift */,
				A545EC0D2C613322006BC982 /* PersonsView.swift */,
				A545EC0B2C6132E4006BC982 /* TipsViewWithAction.swift */,
			);
			path = TipsCalculationVC;
			sourceTree = "<group>";
		};
		A55555442D36B71100F591AC /* TipsInfoVC */ = {
			isa = PBXGroup;
			children = (
				A555551D2D314DBF00F591AC /* TipsInfoView.swift */,
			);
			path = TipsInfoVC;
			sourceTree = "<group>";
		};
		A55555492D36E2ED00F591AC /* TCAlertVC */ = {
			isa = PBXGroup;
			children = (
				A55555452D36B75700F591AC /* TCAlertView.swift */,
			);
			path = TCAlertVC;
			sourceTree = "<group>";
		};
		A5E391922C7E059200DEAC7D /* Model */ = {
			isa = PBXGroup;
			children = (
				A5E391932C7E05D400DEAC7D /* TipsCalculation.swift */,
				A55555172D30312C00F591AC /* TipsInfoModel.swift */,
			);
			path = Model;
			sourceTree = "<group>";
		};
/* End PBXGroup section */

/* Begin PBXNativeTarget section */
		A545EBEB2C613061006BC982 /* TipsCalculator */ = {
			isa = PBXNativeTarget;
			buildConfigurationList = A545EC002C613063006BC982 /* Build configuration list for PBXNativeTarget "TipsCalculator" */;
			buildPhases = (
				A545EBE82C613061006BC982 /* Sources */,
				A545EBE92C613061006BC982 /* Frameworks */,
				A545EBEA2C613061006BC982 /* Resources */,
			);
			buildRules = (
			);
			dependencies = (
			);
			name = TipsCalculator;
			packageProductDependencies = (
			);
			productName = TipsCalcuator;
			productReference = A545EBEC2C613061006BC982 /* TipsCalculator.app */;
			productType = "com.apple.product-type.application";
		};
/* End PBXNativeTarget section */

/* Begin PBXProject section */
		A545EBE42C613061006BC982 /* Project object */ = {
			isa = PBXProject;
			attributes = {
				BuildIndependentTargetsInParallel = 1;
				LastSwiftUpdateCheck = 1530;
				LastUpgradeCheck = 1530;
				TargetAttributes = {
					A545EBEB2C613061006BC982 = {
						CreatedOnToolsVersion = 15.3;
					};
				};
			};
			buildConfigurationList = A545EBE72C613061006BC982 /* Build configuration list for PBXProject "TipsCalculator" */;
			compatibilityVersion = "Xcode 14.0";
			developmentRegion = en;
			hasScannedForEncodings = 0;
			knownRegions = (
				en,
				Base,
			);
			mainGroup = A545EBE32C613061006BC982;
			packageReferences = (
			);
			productRefGroup = A545EBED2C613061006BC982 /* Products */;
			projectDirPath = "";
			projectRoot = "";
			targets = (
				A545EBEB2C613061006BC982 /* TipsCalculator */,
			);
		};
/* End PBXProject section */

/* Begin PBXResourcesBuildPhase section */
		A545EBEA2C613061006BC982 /* Resources */ = {
			isa = PBXResourcesBuildPhase;
			buildActionMask = 2147483647;
			files = (
				A55555402D353C2800F591AC /* Roboto-Medium.ttf in Resources */,
				A545EBF92C613062006BC982 /* Assets.xcassets in Resources */,
				A55555412D353C2800F591AC /* Roboto-Thin.ttf in Resources */,
				A55555422D353C2800F591AC /* Roboto-Regular.ttf in Resources */,
				A55555382D353BE200F591AC /* Roboto-Black.ttf in Resources */,
				A545EBFC2C613062006BC982 /* Base in Resources */,
				A555553B2D353C0E00F591AC /* Roboto-Bold.ttf in Resources */,
				A55555162D2EE17500F591AC /* TipsData.json in Resources */,
				A555553C2D353C0E00F591AC /* Roboto-Light.ttf in Resources */,
			);
			runOnlyForDeploymentPostprocessing = 0;
		};
/* End PBXResourcesBuildPhase section */

/* Begin PBXSourcesBuildPhase section */
		A545EBE82C613061006BC982 /* Sources */ = {
			isa = PBXSourcesBuildPhase;
			buildActionMask = 2147483647;
			files = (
				A555551E2D314DBF00F591AC /* TipsInfoView.swift in Sources */,
				A5E391942C7E05D400DEAC7D /* TipsCalculation.swift in Sources */,
				A55555462D36B75700F591AC /* TCAlertView.swift in Sources */,
				A545EC0C2C6132E4006BC982 /* TipsViewWithAction.swift in Sources */,
				A555551C2D30658800F591AC /* TipsInfoVC.swift in Sources */,
				A55555482D36D70C00F591AC /* TCAlertVC.swift in Sources */,
				A55555252D31599400F591AC /* TCButton.swift in Sources */,
				A545EBF42C613061006BC982 /* TipsCalculationVC.swift in Sources */,
				A55555182D30312C00F591AC /* TipsInfoModel.swift in Sources */,
				A555554B2D38188D00F591AC /* TCImageView.swift in Sources */,
				A545EC0A2C6132CF006BC982 /* TotalBillView.swift in Sources */,
				A545EBF02C613061006BC982 /* AppDelegate.swift in Sources */,
				A545EC082C613295006BC982 /* HeadView.swift in Sources */,
				A55555362D35372000F591AC /* RobotoDynamicType.swift in Sources */,
				A545EC0E2C613322006BC982 /* PersonsView.swift in Sources */,
				A55555212D314F1100F591AC /* TCLabel.swift in Sources */,
				A5115EE72CDBDA7C00C0E3E5 /* TipsViewCollectionCell.swift in Sources */,
				A55555132D2DD78600F591AC /* CountryListVC.swift in Sources */,
				A555551A2D303DA100F591AC /* CountryTableViewCell.swift in Sources */,
				A545EBF22C613061006BC982 /* SceneDelegate.swift in Sources */,
			);
			runOnlyForDeploymentPostprocessing = 0;
		};
/* End PBXSourcesBuildPhase section */

/* Begin PBXVariantGroup section */
		A545EBFA2C613062006BC982 /* LaunchScreen.storyboard */ = {
			isa = PBXVariantGroup;
			children = (
				A545EBFB2C613062006BC982 /* Base */,
			);
			name = LaunchScreen.storyboard;
			sourceTree = "<group>";
		};
/* End PBXVariantGroup section */

/* Begin XCBuildConfiguration section */
		A545EBFE2C613063006BC982 /* Debug */ = {
			isa = XCBuildConfiguration;
			buildSettings = {
				ALWAYS_SEARCH_USER_PATHS = NO;
				ASSETCATALOG_COMPILER_GENERATE_SWIFT_ASSET_SYMBOL_EXTENSIONS = YES;
				CLANG_ANALYZER_NONNULL = YES;
				CLANG_ANALYZER_NUMBER_OBJECT_CONVERSION = YES_AGGRESSIVE;
				CLANG_CXX_LANGUAGE_STANDARD = "gnu++20";
				CLANG_ENABLE_MODULES = YES;
				CLANG_ENABLE_OBJC_ARC = YES;
				CLANG_ENABLE_OBJC_WEAK = YES;
				CLANG_WARN_BLOCK_CAPTURE_AUTORELEASING = YES;
				CLANG_WARN_BOOL_CONVERSION = YES;
				CLANG_WARN_COMMA = YES;
				CLANG_WARN_CONSTANT_CONVERSION = YES;
				CLANG_WARN_DEPRECATED_OBJC_IMPLEMENTATIONS = YES;
				CLANG_WARN_DIRECT_OBJC_ISA_USAGE = YES_ERROR;
				CLANG_WARN_DOCUMENTATION_COMMENTS = YES;
				CLANG_WARN_EMPTY_BODY = YES;
				CLANG_WARN_ENUM_CONVERSION = YES;
				CLANG_WARN_INFINITE_RECURSION = YES;
				CLANG_WARN_INT_CONVERSION = YES;
				CLANG_WARN_NON_LITERAL_NULL_CONVERSION = YES;
				CLANG_WARN_OBJC_IMPLICIT_RETAIN_SELF = YES;
				CLANG_WARN_OBJC_LITERAL_CONVERSION = YES;
				CLANG_WARN_OBJC_ROOT_CLASS = YES_ERROR;
				CLANG_WARN_QUOTED_INCLUDE_IN_FRAMEWORK_HEADER = YES;
				CLANG_WARN_RANGE_LOOP_ANALYSIS = YES;
				CLANG_WARN_STRICT_PROTOTYPES = YES;
				CLANG_WARN_SUSPICIOUS_MOVE = YES;
				CLANG_WARN_UNGUARDED_AVAILABILITY = YES_AGGRESSIVE;
				CLANG_WARN_UNREACHABLE_CODE = YES;
				CLANG_WARN__DUPLICATE_METHOD_MATCH = YES;
				COPY_PHASE_STRIP = NO;
				DEBUG_INFORMATION_FORMAT = dwarf;
				ENABLE_STRICT_OBJC_MSGSEND = YES;
				ENABLE_TESTABILITY = YES;
				ENABLE_USER_SCRIPT_SANDBOXING = YES;
				GCC_C_LANGUAGE_STANDARD = gnu17;
				GCC_DYNAMIC_NO_PIC = NO;
				GCC_NO_COMMON_BLOCKS = YES;
				GCC_OPTIMIZATION_LEVEL = 0;
				GCC_PREPROCESSOR_DEFINITIONS = (
					"DEBUG=1",
					"$(inherited)",
				);
				GCC_WARN_64_TO_32_BIT_CONVERSION = YES;
				GCC_WARN_ABOUT_RETURN_TYPE = YES_ERROR;
				GCC_WARN_UNDECLARED_SELECTOR = YES;
				GCC_WARN_UNINITIALIZED_AUTOS = YES_AGGRESSIVE;
				GCC_WARN_UNUSED_FUNCTION = YES;
				GCC_WARN_UNUSED_VARIABLE = YES;
				IPHONEOS_DEPLOYMENT_TARGET = 17.4;
				LOCALIZATION_PREFERS_STRING_CATALOGS = YES;
				MTL_ENABLE_DEBUG_INFO = INCLUDE_SOURCE;
				MTL_FAST_MATH = YES;
				ONLY_ACTIVE_ARCH = YES;
				SDKROOT = iphoneos;
				SWIFT_ACTIVE_COMPILATION_CONDITIONS = "DEBUG $(inherited)";
				SWIFT_OPTIMIZATION_LEVEL = "-Onone";
			};
			name = Debug;
		};
		A545EBFF2C613063006BC982 /* Release */ = {
			isa = XCBuildConfiguration;
			buildSettings = {
				ALWAYS_SEARCH_USER_PATHS = NO;
				ASSETCATALOG_COMPILER_GENERATE_SWIFT_ASSET_SYMBOL_EXTENSIONS = YES;
				CLANG_ANALYZER_NONNULL = YES;
				CLANG_ANALYZER_NUMBER_OBJECT_CONVERSION = YES_AGGRESSIVE;
				CLANG_CXX_LANGUAGE_STANDARD = "gnu++20";
				CLANG_ENABLE_MODULES = YES;
				CLANG_ENABLE_OBJC_ARC = YES;
				CLANG_ENABLE_OBJC_WEAK = YES;
				CLANG_WARN_BLOCK_CAPTURE_AUTORELEASING = YES;
				CLANG_WARN_BOOL_CONVERSION = YES;
				CLANG_WARN_COMMA = YES;
				CLANG_WARN_CONSTANT_CONVERSION = YES;
				CLANG_WARN_DEPRECATED_OBJC_IMPLEMENTATIONS = YES;
				CLANG_WARN_DIRECT_OBJC_ISA_USAGE = YES_ERROR;
				CLANG_WARN_DOCUMENTATION_COMMENTS = YES;
				CLANG_WARN_EMPTY_BODY = YES;
				CLANG_WARN_ENUM_CONVERSION = YES;
				CLANG_WARN_INFINITE_RECURSION = YES;
				CLANG_WARN_INT_CONVERSION = YES;
				CLANG_WARN_NON_LITERAL_NULL_CONVERSION = YES;
				CLANG_WARN_OBJC_IMPLICIT_RETAIN_SELF = YES;
				CLANG_WARN_OBJC_LITERAL_CONVERSION = YES;
				CLANG_WARN_OBJC_ROOT_CLASS = YES_ERROR;
				CLANG_WARN_QUOTED_INCLUDE_IN_FRAMEWORK_HEADER = YES;
				CLANG_WARN_RANGE_LOOP_ANALYSIS = YES;
				CLANG_WARN_STRICT_PROTOTYPES = YES;
				CLANG_WARN_SUSPICIOUS_MOVE = YES;
				CLANG_WARN_UNGUARDED_AVAILABILITY = YES_AGGRESSIVE;
				CLANG_WARN_UNREACHABLE_CODE = YES;
				CLANG_WARN__DUPLICATE_METHOD_MATCH = YES;
				COPY_PHASE_STRIP = NO;
				DEBUG_INFORMATION_FORMAT = "dwarf-with-dsym";
				ENABLE_NS_ASSERTIONS = NO;
				ENABLE_STRICT_OBJC_MSGSEND = YES;
				ENABLE_USER_SCRIPT_SANDBOXING = YES;
				GCC_C_LANGUAGE_STANDARD = gnu17;
				GCC_NO_COMMON_BLOCKS = YES;
				GCC_WARN_64_TO_32_BIT_CONVERSION = YES;
				GCC_WARN_ABOUT_RETURN_TYPE = YES_ERROR;
				GCC_WARN_UNDECLARED_SELECTOR = YES;
				GCC_WARN_UNINITIALIZED_AUTOS = YES_AGGRESSIVE;
				GCC_WARN_UNUSED_FUNCTION = YES;
				GCC_WARN_UNUSED_VARIABLE = YES;
				IPHONEOS_DEPLOYMENT_TARGET = 17.4;
				LOCALIZATION_PREFERS_STRING_CATALOGS = YES;
				MTL_ENABLE_DEBUG_INFO = NO;
				MTL_FAST_MATH = YES;
				SDKROOT = iphoneos;
				SWIFT_COMPILATION_MODE = wholemodule;
				VALIDATE_PRODUCT = YES;
			};
			name = Release;
		};
		A545EC012C613063006BC982 /* Debug */ = {
			isa = XCBuildConfiguration;
			buildSettings = {
				ASSETCATALOG_COMPILER_APPICON_NAME = AppIcon;
				ASSETCATALOG_COMPILER_GLOBAL_ACCENT_COLOR_NAME = AccentColor;
				CODE_SIGN_STYLE = Automatic;
				CURRENT_PROJECT_VERSION = 1;
				DEVELOPMENT_TEAM = "";
				GENERATE_INFOPLIST_FILE = YES;
				INFOPLIST_FILE = TipsCalculator/Info.plist;
				INFOPLIST_KEY_UIApplicationSupportsIndirectInputEvents = YES;
				INFOPLIST_KEY_UILaunchStoryboardName = LaunchScreen;
				INFOPLIST_KEY_UISupportedInterfaceOrientations = UIInterfaceOrientationPortrait;
				LD_RUNPATH_SEARCH_PATHS = (
					"$(inherited)",
					"@executable_path/Frameworks",
				);
				MARKETING_VERSION = 1.0;
				PRODUCT_BUNDLE_IDENTIFIER = NoName.TipsCalculator;
				PRODUCT_NAME = "$(TARGET_NAME)";
				SWIFT_EMIT_LOC_STRINGS = YES;
				SWIFT_VERSION = 5.0;
				TARGETED_DEVICE_FAMILY = "1,2";
			};
			name = Debug;
		};
		A545EC022C613063006BC982 /* Release */ = {
			isa = XCBuildConfiguration;
			buildSettings = {
				ASSETCATALOG_COMPILER_APPICON_NAME = AppIcon;
				ASSETCATALOG_COMPILER_GLOBAL_ACCENT_COLOR_NAME = AccentColor;
				CODE_SIGN_STYLE = Automatic;
				CURRENT_PROJECT_VERSION = 1;
				DEVELOPMENT_TEAM = "";
				GENERATE_INFOPLIST_FILE = YES;
				INFOPLIST_FILE = TipsCalculator/Info.plist;
				INFOPLIST_KEY_UIApplicationSupportsIndirectInputEvents = YES;
				INFOPLIST_KEY_UILaunchStoryboardName = LaunchScreen;
				INFOPLIST_KEY_UISupportedInterfaceOrientations = UIInterfaceOrientationPortrait;
				LD_RUNPATH_SEARCH_PATHS = (
					"$(inherited)",
					"@executable_path/Frameworks",
				);
				MARKETING_VERSION = 1.0;
				PRODUCT_BUNDLE_IDENTIFIER = NoName.TipsCalculator;
				PRODUCT_NAME = "$(TARGET_NAME)";
				SWIFT_EMIT_LOC_STRINGS = YES;
				SWIFT_VERSION = 5.0;
				TARGETED_DEVICE_FAMILY = "1,2";
			};
			name = Release;
		};
/* End XCBuildConfiguration section */

/* Begin XCConfigurationList section */
		A545EBE72C613061006BC982 /* Build configuration list for PBXProject "TipsCalculator" */ = {
			isa = XCConfigurationList;
			buildConfigurations = (
				A545EBFE2C613063006BC982 /* Debug */,
				A545EBFF2C613063006BC982 /* Release */,
			);
			defaultConfigurationIsVisible = 0;
			defaultConfigurationName = Release;
		};
		A545EC002C613063006BC982 /* Build configuration list for PBXNativeTarget "TipsCalculator" */ = {
			isa = XCConfigurationList;
			buildConfigurations = (
				A545EC012C613063006BC982 /* Debug */,
				A545EC022C613063006BC982 /* Release */,
			);
			defaultConfigurationIsVisible = 0;
			defaultConfigurationName = Release;
		};
/* End XCConfigurationList section */
	};
	rootObject = A545EBE42C613061006BC982 /* Project object */;
}
